
Microsoft Visual Studio Solution File, Format Version 12.00
# Visual Studio Version 17
VisualStudioVersion = 17.13.35828.75 d17.13
MinimumVisualStudioVersion = 10.0.40219.1
Project("{FAE04EC0-301F-11D3-BF4B-00C04F79EFBC}") = "Univer", "Univer.csproj", "{8BEDE388-F153-0A15-8A75-1DBB30394306}"
EndProject
Global
	GlobalSection(SolutionConfigurationPlatforms) = preSolution
		Debug|Any CPU = Debug|Any CPU
		Release|Any CPU = Release|Any CPU
	EndGlobalSection
	GlobalSection(ProjectConfigurationPlatforms) = postSolution
		{8BEDE388-F153-0A15-8A75-1DBB30394306}.Debug|Any CPU.ActiveCfg = Debug|Any CPU
		{8BEDE388-F153-0A15-8A75-1DBB30394306}.Debug|Any CPU.Build.0 = Debug|Any CPU
		{8BEDE388-F153-0A15-8A75-1DBB30394306}.Release|Any CPU.ActiveCfg = Release|Any CPU
		{8BEDE388-F153-0A15-8A75-1DBB30394306}.Release|Any CPU.Build.0 = Release|Any CPU
	EndGlobalSection
	GlobalSection(SolutionProperties) = preSolution
		HideSolutionNode = FALSE
	EndGlobalSection
	GlobalSection(ExtensibilityGlobals) = postSolution
		SolutionGuid = {E60030FA-D5CD-4558-B488-712A070F71D1}
	EndGlobalSection
EndGlobal
